// !$*UTF8*$!
{
	archiveVersion = 1;
	classes = {
	};
	objectVersion = 50;
	objects = {

/* Begin PBXBuildFile section */
		04F73723223B2470009005AD /* AppDelegate.swift in Sources */ = {isa = PBXBuildFile; fileRef = 04F73722223B2470009005AD /* AppDelegate.swift */; };
		04F73725223B2470009005AD /* ViewController.swift in Sources */ = {isa = PBXBuildFile; fileRef = 04F73724223B2470009005AD /* ViewController.swift */; };
		04F73728223B2470009005AD /* Main.storyboard in Resources */ = {isa = PBXBuildFile; fileRef = 04F73726223B2470009005AD /* Main.storyboard */; };
		04F7372B223B2470009005AD /* GuessMyPick.xcdatamodeld in Sources */ = {isa = PBXBuildFile; fileRef = 04F73729223B2470009005AD /* GuessMyPick.xcdatamodeld */; };
		04F7372D223B2471009005AD /* Assets.xcassets in Resources */ = {isa = PBXBuildFile; fileRef = 04F7372C223B2471009005AD /* Assets.xcassets */; };
		04F73730223B2471009005AD /* LaunchScreen.storyboard in Resources */ = {isa = PBXBuildFile; fileRef = 04F7372E223B2471009005AD /* LaunchScreen.storyboard */; };
/* End PBXBuildFile section */

/* Begin PBXFileReference section */
		04F7371F223B2470009005AD /* GuessMyPick.app */ = {isa = PBXFileReference; explicitFileType = wrapper.application; includeInIndex = 0; path = GuessMyPick.app; sourceTree = BUILT_PRODUCTS_DIR; };
		04F73722223B2470009005AD /* AppDelegate.swift */ = {isa = PBXFileReference; lastKnownFileType = sourcecode.swift; path = AppDelegate.swift; sourceTree = "<group>"; };
		04F73724223B2470009005AD /* ViewController.swift */ = {isa = PBXFileReference; lastKnownFileType = sourcecode.swift; path = ViewController.swift; sourceTree = "<group>"; };
		04F73727223B2470009005AD /* Base */ = {isa = PBXFileReference; lastKnownFileType = file.storyboard; name = Base; path = Base.lproj/Main.storyboard; sourceTree = "<group>"; };
		04F7372A223B2470009005AD /* GuessMyPick.xcdatamodel */ = {isa = PBXFileReference; lastKnownFileType = wrapper.xcdatamodel; path = GuessMyPick.xcdatamodel; sourceTree = "<group>"; };
		04F7372C223B2471009005AD /* Assets.xcassets */ = {isa = PBXFileReference; lastKnownFileType = folder.assetcatalog; path = Assets.xcassets; sourceTree = "<group>"; };
		04F7372F223B2471009005AD /* Base */ = {isa = PBXFileReference; lastKnownFileType = file.storyboard; name = Base; path = Base.lproj/LaunchScreen.storyboard; sourceTree = "<group>"; };
		04F73731223B2471009005AD /* Info.plist */ = {isa = PBXFileReference; lastKnownFileType = text.plist.xml; path = Info.plist; sourceTree = "<group>"; };
/* End PBXFileReference section */

/* Begin PBXFrameworksBuildPhase section */
		04F7371C223B2470009005AD /* Frameworks */ = {
			isa = PBXFrameworksBuildPhase;
			buildActionMask = 2147483647;
			files = (
			);
			runOnlyForDeploymentPostprocessing = 0;
		};
/* End PBXFrameworksBuildPhase section */

/* Begin PBXGroup section */
		04F73716223B2470009005AD = {
			isa = PBXGroup;
			children = (
				04F73721223B2470009005AD /* GuessMyPick */,
				04F73720223B2470009005AD /* Products */,
			);
			sourceTree = "<group>";
		};
		04F73720223B2470009005AD /* Products */ = {
			isa = PBXGroup;
			children = (
				04F7371F223B2470009005AD /* GuessMyPick.app */,
			);
			name = Products;
			sourceTree = "<group>";
		};
		04F73721223B2470009005AD /* GuessMyPick */ = {
			isa = PBXGroup;
			children = (
				04F73722223B2470009005AD /* AppDelegate.swift */,
				04F73724223B2470009005AD /* ViewController.swift */,
				04F73726223B2470009005AD /* Main.storyboard */,
				04F7372C223B2471009005AD /* Assets.xcassets */,
				04F7372E223B2471009005AD /* LaunchScreen.storyboard */,
				04F73731223B2471009005AD /* Info.plist */,
				04F73729223B2470009005AD /* GuessMyPick.xcdatamodeld */,
			);
			path = GuessMyPick;
			sourceTree = "<group>";
		};
/* End PBXGroup section */

/* Begin PBXNativeTarget section */
		04F7371E223B2470009005AD /* GuessMyPick */ = {
			isa = PBXNativeTarget;
			buildConfigurationList = 04F73734223B2471009005AD /* Build configuration list for PBXNativeTarget "GuessMyPick" */;
			buildPhases = (
				04F7371B223B2470009005AD /* Sources */,
				04F7371C223B2470009005AD /* Frameworks */,
				04F7371D223B2470009005AD /* Resources */,
			);
			buildRules = (
			);
			dependencies = (
			);
			name = GuessMyPick;
			productName = GuessMyPick;
			productReference = 04F7371F223B2470009005AD /* GuessMyPick.app */;
			productType = "com.apple.product-type.application";
		};
/* End PBXNativeTarget section */

/* Begin PBXProject section */
		04F73717223B2470009005AD /* Project object */ = {
			isa = PBXProject;
			attributes = {
				LastSwiftUpdateCheck = 1010;
				LastUpgradeCheck = 1010;
				ORGANIZATIONNAME = "Mason Ko";
				TargetAttributes = {
					04F7371E223B2470009005AD = {
						CreatedOnToolsVersion = 10.1;
					};
				};
			};
			buildConfigurationList = 04F7371A223B2470009005AD /* Build configuration list for PBXProject "GuessMyPick" */;
			compatibilityVersion = "Xcode 9.3";
			developmentRegion = en;
			hasScannedForEncodings = 0;
			knownRegions = (
				en,
				Base,
			);
			mainGroup = 04F73716223B2470009005AD;
			productRefGroup = 04F73720223B2470009005AD /* Products */;
			projectDirPath = "";
			projectRoot = "";
			targets = (
				04F7371E223B2470009005AD /* GuessMyPick */,
			);
		};
/* End PBXProject section */

/* Begin PBXResourcesBuildPhase section */
		04F7371D223B2470009005AD /* Resources */ = {
			isa = PBXResourcesBuildPhase;
			buildActionMask = 2147483647;
			files = (
				04F73730223B2471009005AD /* LaunchScreen.storyboard in Resources */,
				04F7372D223B2471009005AD /* Assets.xcassets in Resources */,
				04F73728223B2470009005AD /* Main.storyboard in Resources */,
			);
			runOnlyForDeploymentPostprocessing = 0;
		};
/* End PBXResourcesBuildPhase section */

/* Begin PBXSourcesBuildPhase section */
		04F7371B223B2470009005AD /* Sources */ = {
			isa = PBXSourcesBuildPhase;
			buildActionMask = 2147483647;
			files = (
				04F73725223B2470009005AD /* ViewController.swift in Sources */,
				04F7372B223B2470009005AD /* GuessMyPick.xcdatamodeld in Sources */,
				04F73723223B2470009005AD /* AppDelegate.swift in Sources */,
			);
			runOnlyForDeploymentPostprocessing = 0;
		};
/* End PBXSourcesBuildPhase section */

/* Begin PBXVariantGroup section */
		04F73726223B2470009005AD /* Main.storyboard */ = {
			isa = PBXVariantGroup;
			children = (
				04F73727223B2470009005AD /* Base */,
			);
			name = Main.storyboard;
			sourceTree = "<group>";
		};
		04F7372E223B2471009005AD /* LaunchScreen.storyboard */ = {
			isa = PBXVariantGroup;
			children = (
				04F7372F223B2471009005AD /* Base */,
			);
			name = LaunchScreen.storyboard;
			sourceTree = "<group>";
		};
/* End PBXVariantGroup section */

/* Begin XCBuildConfiguration section */
		04F73732223B2471009005AD /* Debug */ = {
			isa = XCBuildConfiguration;
			buildSettings = {
				ALWAYS_SEARCH_USER_PATHS = NO;
				CLANG_ANALYZER_NONNULL = YES;
				CLANG_ANALYZER_NUMBER_OBJECT_CONVERSION = YES_AGGRESSIVE;
				CLANG_CXX_LANGUAGE_STANDARD = "gnu++14";
				CLANG_CXX_LIBRARY = "libc++";
				CLANG_ENABLE_MODULES = YES;
				CLANG_ENABLE_OBJC_ARC = YES;
				CLANG_ENABLE_OBJC_WEAK = YES;
				CLANG_WARN_BLOCK_CAPTURE_AUTORELEASING = YES;
				CLANG_WARN_BOOL_CONVERSION = YES;
				CLANG_WARN_COMMA = YES;
				CLANG_WARN_CONSTANT_CONVERSION = YES;
				CLANG_WARN_DEPRECATED_OBJC_IMPLEMENTATIONS = YES;
				CLANG_WARN_DIRECT_OBJC_ISA_USAGE = YES_ERROR;
				CLANG_WARN_DOCUMENTATION_COMMENTS = YES;
				CLANG_WARN_EMPTY_BODY = YES;
				CLANG_WARN_ENUM_CONVERSION = YES;
				CLANG_WARN_INFINITE_RECURSION = YES;
				CLANG_WARN_INT_CONVERSION = YES;
				CLANG_WARN_NON_LITERAL_NULL_CONVERSION = YES;
				CLANG_WARN_OBJC_IMPLICIT_RETAIN_SELF = YES;
				CLANG_WARN_OBJC_LITERAL_CONVERSION = YES;
				CLANG_WARN_OBJC_ROOT_CLASS = YES_ERROR;
				CLANG_WARN_RANGE_LOOP_ANALYSIS = YES;
				CLANG_WARN_STRICT_PROTOTYPES = YES;
				CLANG_WARN_SUSPICIOUS_MOVE = YES;
				CLANG_WARN_UNGUARDED_AVAILABILITY = YES_AGGRESSIVE;
				CLANG_WARN_UNREACHABLE_CODE = YES;
				CLANG_WARN__DUPLICATE_METHOD_MATCH = YES;
				CODE_SIGN_IDENTITY = "iPhone Developer";
				COPY_PHASE_STRIP = NO;
				DEBUG_INFORMATION_FORMAT = dwarf;
				ENABLE_STRICT_OBJC_MSGSEND = YES;
				ENABLE_TESTABILITY = YES;
				GCC_C_LANGUAGE_STANDARD = gnu11;
				GCC_DYNAMIC_NO_PIC = NO;
				GCC_NO_COMMON_BLOCKS = YES;
				GCC_OPTIMIZATION_LEVEL = 0;
				GCC_PREPROCESSOR_DEFINITIONS = (
					"DEBUG=1",
					"$(inherited)",
				);
				GCC_WARN_64_TO_32_BIT_CONVERSION = YES;
				GCC_WARN_ABOUT_RETURN_TYPE = YES_ERROR;
				GCC_WARN_UNDECLARED_SELECTOR = YES;
				GCC_WARN_UNINITIALIZED_AUTOS = YES_AGGRESSIVE;
				GCC_WARN_UNUSED_FUNCTION = YES;
				GCC_WARN_UNUSED_VARIABLE = YES;
				IPHONEOS_DEPLOYMENT_TARGET = 12.1;
				MTL_ENABLE_DEBUG_INFO = INCLUDE_SOURCE;
				MTL_FAST_MATH = YES;
				ONLY_ACTIVE_ARCH = YES;
				SDKROOT = iphoneos;
				SWIFT_ACTIVE_COMPILATION_CONDITIONS = DEBUG;
				SWIFT_OPTIMIZATION_LEVEL = "-Onone";
			};
			name = Debug;
		};
		04F73733223B2471009005AD /* Release */ = {
			isa = XCBuildConfiguration;
			buildSettings = {
				ALWAYS_SEARCH_USER_PATHS = NO;
				CLANG_ANALYZER_NONNULL = YES;
				CLANG_ANALYZER_NUMBER_OBJECT_CONVERSION = YES_AGGRESSIVE;
				CLANG_CXX_LANGUAGE_STANDARD = "gnu++14";
				CLANG_CXX_LIBRARY = "libc++";
				CLANG_ENABLE_MODULES = YES;
				CLANG_ENABLE_OBJC_ARC = YES;
				CLANG_ENABLE_OBJC_WEAK = YES;
				CLANG_WARN_BLOCK_CAPTURE_AUTORELEASING = YES;
				CLANG_WARN_BOOL_CONVERSION = YES;
				CLANG_WARN_COMMA = YES;
				CLANG_WARN_CONSTANT_CONVERSION = YES;
				CLANG_WARN_DEPRECATED_OBJC_IMPLEMENTATIONS = YES;
				CLANG_WARN_DIRECT_OBJC_ISA_USAGE = YES_ERROR;
				CLANG_WARN_DOCUMENTATION_COMMENTS = YES;
				CLANG_WARN_EMPTY_BODY = YES;
				CLANG_WARN_ENUM_CONVERSION = YES;
				CLANG_WARN_INFINITE_RECURSION = YES;
				CLANG_WARN_INT_CONVERSION = YES;
				CLANG_WARN_NON_LITERAL_NULL_CONVERSION = YES;
				CLANG_WARN_OBJC_IMPLICIT_RETAIN_SELF = YES;
				CLANG_WARN_OBJC_LITERAL_CONVERSION = YES;
				CLANG_WARN_OBJC_ROOT_CLASS = YES_ERROR;
				CLANG_WARN_RANGE_LOOP_ANALYSIS = YES;
				CLANG_WARN_STRICT_PROTOTYPES = YES;
				CLANG_WARN_SUSPICIOUS_MOVE = YES;
				CLANG_WARN_UNGUARDED_AVAILABILITY = YES_AGGRESSIVE;
				CLANG_WARN_UNREACHABLE_CODE = YES;
				CLANG_WARN__DUPLICATE_METHOD_MATCH = YES;
				CODE_SIGN_IDENTITY = "iPhone Developer";
				COPY_PHASE_STRIP = NO;
				DEBUG_INFORMATION_FORMAT = "dwarf-with-dsym";
				ENABLE_NS_ASSERTIONS = NO;
				ENABLE_STRICT_OBJC_MSGSEND = YES;
				GCC_C_LANGUAGE_STANDARD = gnu11;
				GCC_NO_COMMON_BLOCKS = YES;
				GCC_WARN_64_TO_32_BIT_CONVERSION = YES;
				GCC_WARN_ABOUT_RETURN_TYPE = YES_ERROR;
				GCC_WARN_UNDECLARED_SELECTOR = YES;
				GCC_WARN_UNINITIALIZED_AUTOS = YES_AGGRESSIVE;
				GCC_WARN_UNUSED_FUNCTION = YES;
				GCC_WARN_UNUSED_VARIABLE = YES;
				IPHONEOS_DEPLOYMENT_TARGET = 12.1;
				MTL_ENABLE_DEBUG_INFO = NO;
				MTL_FAST_MATH = YES;
				SDKROOT = iphoneos;
				SWIFT_COMPILATION_MODE = wholemodule;
				SWIFT_OPTIMIZATION_LEVEL = "-O";
				VALIDATE_PRODUCT = YES;
			};
			name = Release;
		};
		04F73735223B2471009005AD /* Debug */ = {
			isa = XCBuildConfiguration;
			buildSettings = {
				ASSETCATALOG_COMPILER_APPICON_NAME = AppIcon;
				CODE_SIGN_STYLE = Automatic;
				DEVELOPMENT_TEAM = 9363UX2YFD;
				INFOPLIST_FILE = GuessMyPick/Info.plist;
				LD_RUNPATH_SEARCH_PATHS = (
					"$(inherited)",
					"@executable_path/Frameworks",
				);
				PRODUCT_BUNDLE_IDENTIFIER = map523.GuessMyPick;
				PRODUCT_NAME = "$(TARGET_NAME)";
				SWIFT_VERSION = 4.2;
				TARGETED_DEVICE_FAMILY = "1,2";
			};
			name = Debug;
		};
		04F73736223B2471009005AD /* Release */ = {
			isa = XCBuildConfiguration;
			buildSettings = {
				ASSETCATALOG_COMPILER_APPICON_NAME = AppIcon;
				CODE_SIGN_STYLE = Automatic;
				DEVELOPMENT_TEAM = 9363UX2YFD;
				INFOPLIST_FILE = GuessMyPick/Info.plist;
				LD_RUNPATH_SEARCH_PATHS = (
					"$(inherited)",
					"@executable_path/Frameworks",
				);
				PRODUCT_BUNDLE_IDENTIFIER = map523.GuessMyPick;
				PRODUCT_NAME = "$(TARGET_NAME)";
				SWIFT_VERSION = 4.2;
				TARGETED_DEVICE_FAMILY = "1,2";
			};
			name = Release;
		};
/* End XCBuildConfiguration section */

/* Begin XCConfigurationList section */
		04F7371A223B2470009005AD /* Build configuration list for PBXProject "GuessMyPick" */ = {
			isa = XCConfigurationList;
			buildConfigurations = (
				04F73732223B2471009005AD /* Debug */,
				04F73733223B2471009005AD /* Release */,
			);
			defaultConfigurationIsVisible = 0;
			defaultConfigurationName = Release;
		};
		04F73734223B2471009005AD /* Build configuration list for PBXNativeTarget "GuessMyPick" */ = {
			isa = XCConfigurationList;
			buildConfigurations = (
				04F73735223B2471009005AD /* Debug */,
				04F73736223B2471009005AD /* Release */,
			);
			defaultConfigurationIsVisible = 0;
			defaultConfigurationName = Release;
		};
/* End XCConfigurationList section */

/* Begin XCVersionGroup section */
		04F73729223B2470009005AD /* GuessMyPick.xcdatamodeld */ = {
			isa = XCVersionGroup;
			children = (
				04F7372A223B2470009005AD /* GuessMyPick.xcdatamodel */,
			);
			currentVersion = 04F7372A223B2470009005AD /* GuessMyPick.xcdatamodel */;
			path = GuessMyPick.xcdatamodeld;
			sourceTree = "<group>";
			versionGroupType = wrapper.xcdatamodel;
		};
/* End XCVersionGroup section */
	};
	rootObject = 04F73717223B2470009005AD /* Project object */;
}
